// !$*UTF8*$!
{
    archiveVersion = 1;
    classes = {
    };
    objects = {
        01000000 = {
            isa = PBXProject;
            attributes = {
                LastUpgradeCheck = 1500;
                ORGANIZATIONNAME = "";
                TargetAttributes = {
                    01000001 = {
                        CreatedOnToolsVersion = 15.0;
                    };
                };
            };
            buildConfigurationList = 01000003;
            compatibilityVersion = "Xcode 12.0";
            developmentRegion = English;
            hasScannedForEncodings = 0;
            knownRegions = (
                en,
            );
            mainGroup = 01000002;
            productRefGroup = 01000004;
            projectDirPath = "";
            projectRoot = "";
            targets = (
                01000001,
            );
        };
        01000001 = {
            isa = PBXNativeTarget;
            buildConfigurationList = 01000003;
            buildPhases = (
                01000005,
                01000006,
            );
            buildRules = (
            );
            dependencies = (
            );
            name = SafePaste;
            productName = SafePaste;
            productReference = 01000007;
            productType = "com.apple.product-type.application";
        };
        01000002 = {
            isa = PBXGroup;
            children = (
                01000008,
                01000009,
                0100000A,
            );
            sourceTree = "<group>";
        };
        01000003 = {
            isa = XCConfigurationList;
            buildConfigurations = (
                0100000B,
                0100000C,
            );
            defaultConfigurationIsValid = YES;
            defaultConfigurationName = Release;
        };
        01000004 = {
            isa = PBXGroup;
            children = (
                01000007,
            );
            name = Products;
            sourceTree = "<group>";
        };
        01000005 = {
            isa = PBXSourcesBuildPhase;
            buildActionMask = 2147483647;
            files = (
                0100000D,
                0100000E,
                0100000F,
                01000010,
                01000011,
                01000012,
                01000013,
                01000014,
            );
            runOnlyForDeploymentPostprocessing = 0;
        };
        01000006 = {
            isa = PBXCopyFilesBuildPhase;
            buildActionMask = 2147483647;
            destination = resources;
            destinationSubPath = "";
            files = (
                01000015,
            );
            runOnlyForDeploymentPostprocessing = 1;
        };
        01000007 = {
            isa = PBXFileReference;
            explicitFileType = wrapper.application;
            includeInIndex = 0;
            path = SafePaste.app;
            sourceTree = BUILT_PRODUCTS_DIR;
        };
        01000008 = {
            isa = PBXGroup;
            children = (
                01000016,
                01000017,
                01000018,
                01000019,
                0100001A,
                0100001B,
                0100001C,
                0100001D,
            );
            name = Sources;
            sourceTree = "<group>";
        };
        01000009 = {
            isa = PBXGroup;
            children = (
                0100001E,
            );
            name = Resources;
            sourceTree = "<group>";
        };
        0100000A = {
            isa = PBXFileReference;
            lastKnownFileType = text.plist;
            path = Info.plist;
            sourceTree = "<group>";
        };
        0100000B = {
            isa = XCBuildConfiguration;
            baseConfigurationReference = 0100000A;
            buildSettings = {
                ALWAYS_SEARCH_USER_PATHS = NO;
                CLANG_ENABLE_MODULES = YES;
                MACOSX_DEPLOYMENT_TARGET = 12.0;
                SDKROOT = macosx;
            };
            name = Debug;
        };
        0100000C = {
            isa = XCBuildConfiguration;
            baseConfigurationReference = 0100000A;
            buildSettings = {
                ALWAYS_SEARCH_USER_PATHS = NO;
                CLANG_ENABLE_MODULES = YES;
                MACOSX_DEPLOYMENT_TARGET = 12.0;
                SDKROOT = macosx;
            };
            name = Release;
        };
        0100000D = {
            isa = PBXBuildFile;
            fileRef = 01000016;
        };
        0100000E = {
            isa = PBXBuildFile;
            fileRef = 01000017;
        };
        0100000F = {
            isa = PBXBuildFile;
            fileRef = 01000018;
        };
        01000010 = {
            isa = PBXBuildFile;
            fileRef = 01000019;
        };
        01000011 = {
            isa = PBXBuildFile;
            fileRef = 0100001A;
        };
        01000012 = {
            isa = PBXBuildFile;
            fileRef = 0100001B;
        };
        01000013 = {
            isa = PBXBuildFile;
            fileRef = 0100001C;
        };
        01000014 = {
            isa = PBXBuildFile;
            fileRef = 0100001D;
        };
        01000015 = {
            isa = PBXBuildFile;
            fileRef = 0100001E;
        };
        01000016 = {
            isa = PBXFileReference;
            lastKnownFileType = sourcecode.swift;
            path = SafePasteApp.swift;
            sourceTree = "<group>";
        };
        01000017 = {
            isa = PBXFileReference;
            lastKnownFileType = sourcecode.swift;
            path = AppDelegate.swift;
            sourceTree = "<group>";
        };
        01000018 = {
            isa = PBXFileReference;
            lastKnownFileType = sourcecode.swift;
            path = TextSanitizer.swift;
            sourceTree = "<group>";
        };
        01000019 = {
            isa = PBXFileReference;
            lastKnownFileType = sourcecode.swift;
            path = KeyboardShortcutMonitor.swift;
            sourceTree = "<group>";
        };
        0100001A = {
            isa = PBXFileReference;
            lastKnownFileType = sourcecode.swift;
            path = Settings.swift;
            sourceTree = "<group>";
        };
        0100001B = {
            isa = PBXFileReference;
            lastKnownFileType = sourcecode.swift;
            path = Rule.swift;
            sourceTree = "<group>";
        };
        0100001C = {
            isa = PBXFileReference;
            lastKnownFileType = sourcecode.swift;
            path = SettingsView.swift;
            sourceTree = "<group>";
        };
        0100001D = {
            isa = PBXFileReference;
            lastKnownFileType = sourcecode.swift;
            path = RuleEditorView.swift;
            sourceTree = "<group>";
        };
        0100001E = {
            isa = PBXFileReference;
            lastKnownFileType = folder.assetcatalog;
            path = Assets.xcassets;
            sourceTree = "<group>";
        };
    };
    rootObject = 01000000;
}
